
Microsoft Visual Studio Solution File, Format Version 12.00
# Visual Studio Version 17
VisualStudioVersion = 17.1.32328.378
MinimumVisualStudioVersion = 10.0.40219.1
Project("{8BC9CEB8-8B4A-11D0-8D11-00A0C91BC942}") = "Chapter_17", "Chapter_17\Chapter_17.vcxproj", "{EC8DCA6A-A60D-4CFF-8947-998C87D9A753}"
EndProject
Project("{8BC9CEB8-8B4A-11D0-8D11-00A0C91BC942}") = "Using_begin()_and_end()", "Using_begin()_and_end()\Using_begin()_and_end().vcxproj", "{A18ED00E-24BC-45F9-AD12-DF6F916ECAC3}"
EndProject
Project("{8BC9CEB8-8B4A-11D0-8D11-00A0C91BC942}") = "Using_map", "Using_map\Using_map.vcxproj", "{8924A2BD-11F3-4F71-8CE4-B067C01E4086}"
EndProject
Project("{8BC9CEB8-8B4A-11D0-8D11-00A0C91BC942}") = "Combining_map_with_vector", "Combining_map_with_vector\Combining_map_with_vector.vcxproj", "{22193FF4-7E81-4938-B01F-C867628A6E31}"
EndProject
Project("{8BC9CEB8-8B4A-11D0-8D11-00A0C91BC942}") = "multimap", "multimap\multimap.vcxproj", "{F49FAD70-7008-4860-BC14-462D71FE9FC4}"
EndProject
Project("{8BC9CEB8-8B4A-11D0-8D11-00A0C91BC942}") = "Sorting_and_searching", "Sorting_and_searching\Sorting_and_searching.vcxproj", "{E9CF9CB2-A007-4A51-A07E-881BCE617E7F}"
EndProject
Project("{8BC9CEB8-8B4A-11D0-8D11-00A0C91BC942}") = "Permutation", "Permutation\Permutation.vcxproj", "{E1E02856-240F-4426-A89F-A993693F8AC7}"
EndProject
Project("{8BC9CEB8-8B4A-11D0-8D11-00A0C91BC942}") = "set_union", "set_union\set_union.vcxproj", "{6416ACB4-128C-4DAD-AEEB-CEF52F4D54D5}"
EndProject
Global
	GlobalSection(SolutionConfigurationPlatforms) = preSolution
		Debug|x64 = Debug|x64
		Debug|x86 = Debug|x86
		Release|x64 = Release|x64
		Release|x86 = Release|x86
	EndGlobalSection
	GlobalSection(ProjectConfigurationPlatforms) = postSolution
		{EC8DCA6A-A60D-4CFF-8947-998C87D9A753}.Debug|x64.ActiveCfg = Debug|x64
		{EC8DCA6A-A60D-4CFF-8947-998C87D9A753}.Debug|x64.Build.0 = Debug|x64
		{EC8DCA6A-A60D-4CFF-8947-998C87D9A753}.Debug|x86.ActiveCfg = Debug|Win32
		{EC8DCA6A-A60D-4CFF-8947-998C87D9A753}.Debug|x86.Build.0 = Debug|Win32
		{EC8DCA6A-A60D-4CFF-8947-998C87D9A753}.Release|x64.ActiveCfg = Release|x64
		{EC8DCA6A-A60D-4CFF-8947-998C87D9A753}.Release|x64.Build.0 = Release|x64
		{EC8DCA6A-A60D-4CFF-8947-998C87D9A753}.Release|x86.ActiveCfg = Release|Win32
		{EC8DCA6A-A60D-4CFF-8947-998C87D9A753}.Release|x86.Build.0 = Release|Win32
		{A18ED00E-24BC-45F9-AD12-DF6F916ECAC3}.Debug|x64.ActiveCfg = Debug|x64
		{A18ED00E-24BC-45F9-AD12-DF6F916ECAC3}.Debug|x64.Build.0 = Debug|x64
		{A18ED00E-24BC-45F9-AD12-DF6F916ECAC3}.Debug|x86.ActiveCfg = Debug|Win32
		{A18ED00E-24BC-45F9-AD12-DF6F916ECAC3}.Debug|x86.Build.0 = Debug|Win32
		{A18ED00E-24BC-45F9-AD12-DF6F916ECAC3}.Release|x64.ActiveCfg = Release|x64
		{A18ED00E-24BC-45F9-AD12-DF6F916ECAC3}.Release|x64.Build.0 = Release|x64
		{A18ED00E-24BC-45F9-AD12-DF6F916ECAC3}.Release|x86.ActiveCfg = Release|Win32
		{A18ED00E-24BC-45F9-AD12-DF6F916ECAC3}.Release|x86.Build.0 = Release|Win32
		{8924A2BD-11F3-4F71-8CE4-B067C01E4086}.Debug|x64.ActiveCfg = Debug|x64
		{8924A2BD-11F3-4F71-8CE4-B067C01E4086}.Debug|x64.Build.0 = Debug|x64
		{8924A2BD-11F3-4F71-8CE4-B067C01E4086}.Debug|x86.ActiveCfg = Debug|Win32
		{8924A2BD-11F3-4F71-8CE4-B067C01E4086}.Debug|x86.Build.0 = Debug|Win32
		{8924A2BD-11F3-4F71-8CE4-B067C01E4086}.Release|x64.ActiveCfg = Release|x64
		{8924A2BD-11F3-4F71-8CE4-B067C01E4086}.Release|x64.Build.0 = Release|x64
		{8924A2BD-11F3-4F71-8CE4-B067C01E4086}.Release|x86.ActiveCfg = Release|Win32
		{8924A2BD-11F3-4F71-8CE4-B067C01E4086}.Release|x86.Build.0 = Release|Win32
		{22193FF4-7E81-4938-B01F-C867628A6E31}.Debug|x64.ActiveCfg = Debug|x64
		{22193FF4-7E81-4938-B01F-C867628A6E31}.Debug|x64.Build.0 = Debug|x64
		{22193FF4-7E81-4938-B01F-C867628A6E31}.Debug|x86.ActiveCfg = Debug|Win32
		{22193FF4-7E81-4938-B01F-C867628A6E31}.Debug|x86.Build.0 = Debug|Win32
		{22193FF4-7E81-4938-B01F-C867628A6E31}.Release|x64.ActiveCfg = Release|x64
		{22193FF4-7E81-4938-B01F-C867628A6E31}.Release|x64.Build.0 = Release|x64
		{22193FF4-7E81-4938-B01F-C867628A6E31}.Release|x86.ActiveCfg = Release|Win32
		{22193FF4-7E81-4938-B01F-C867628A6E31}.Release|x86.Build.0 = Release|Win32
		{F49FAD70-7008-4860-BC14-462D71FE9FC4}.Debug|x64.ActiveCfg = Debug|x64
		{F49FAD70-7008-4860-BC14-462D71FE9FC4}.Debug|x64.Build.0 = Debug|x64
		{F49FAD70-7008-4860-BC14-462D71FE9FC4}.Debug|x86.ActiveCfg = Debug|Win32
		{F49FAD70-7008-4860-BC14-462D71FE9FC4}.Debug|x86.Build.0 = Debug|Win32
		{F49FAD70-7008-4860-BC14-462D71FE9FC4}.Release|x64.ActiveCfg = Release|x64
		{F49FAD70-7008-4860-BC14-462D71FE9FC4}.Release|x64.Build.0 = Release|x64
		{F49FAD70-7008-4860-BC14-462D71FE9FC4}.Release|x86.ActiveCfg = Release|Win32
		{F49FAD70-7008-4860-BC14-462D71FE9FC4}.Release|x86.Build.0 = Release|Win32
		{E9CF9CB2-A007-4A51-A07E-881BCE617E7F}.Debug|x64.ActiveCfg = Debug|x64
		{E9CF9CB2-A007-4A51-A07E-881BCE617E7F}.Debug|x64.Build.0 = Debug|x64
		{E9CF9CB2-A007-4A51-A07E-881BCE617E7F}.Debug|x86.ActiveCfg = Debug|Win32
		{E9CF9CB2-A007-4A51-A07E-881BCE617E7F}.Debug|x86.Build.0 = Debug|Win32
		{E9CF9CB2-A007-4A51-A07E-881BCE617E7F}.Release|x64.ActiveCfg = Release|x64
		{E9CF9CB2-A007-4A51-A07E-881BCE617E7F}.Release|x64.Build.0 = Release|x64
		{E9CF9CB2-A007-4A51-A07E-881BCE617E7F}.Release|x86.ActiveCfg = Release|Win32
		{E9CF9CB2-A007-4A51-A07E-881BCE617E7F}.Release|x86.Build.0 = Release|Win32
		{E1E02856-240F-4426-A89F-A993693F8AC7}.Debug|x64.ActiveCfg = Debug|x64
		{E1E02856-240F-4426-A89F-A993693F8AC7}.Debug|x64.Build.0 = Debug|x64
		{E1E02856-240F-4426-A89F-A993693F8AC7}.Debug|x86.ActiveCfg = Debug|Win32
		{E1E02856-240F-4426-A89F-A993693F8AC7}.Debug|x86.Build.0 = Debug|Win32
		{E1E02856-240F-4426-A89F-A993693F8AC7}.Release|x64.ActiveCfg = Release|x64
		{E1E02856-240F-4426-A89F-A993693F8AC7}.Release|x64.Build.0 = Release|x64
		{E1E02856-240F-4426-A89F-A993693F8AC7}.Release|x86.ActiveCfg = Release|Win32
		{E1E02856-240F-4426-A89F-A993693F8AC7}.Release|x86.Build.0 = Release|Win32
		{6416ACB4-128C-4DAD-AEEB-CEF52F4D54D5}.Debug|x64.ActiveCfg = Debug|x64
		{6416ACB4-128C-4DAD-AEEB-CEF52F4D54D5}.Debug|x64.Build.0 = Debug|x64
		{6416ACB4-128C-4DAD-AEEB-CEF52F4D54D5}.Debug|x86.ActiveCfg = Debug|Win32
		{6416ACB4-128C-4DAD-AEEB-CEF52F4D54D5}.Debug|x86.Build.0 = Debug|Win32
		{6416ACB4-128C-4DAD-AEEB-CEF52F4D54D5}.Release|x64.ActiveCfg = Release|x64
		{6416ACB4-128C-4DAD-AEEB-CEF52F4D54D5}.Release|x64.Build.0 = Release|x64
		{6416ACB4-128C-4DAD-AEEB-CEF52F4D54D5}.Release|x86.ActiveCfg = Release|Win32
		{6416ACB4-128C-4DAD-AEEB-CEF52F4D54D5}.Release|x86.Build.0 = Release|Win32
	EndGlobalSection
	GlobalSection(SolutionProperties) = preSolution
		HideSolutionNode = FALSE
	EndGlobalSection
	GlobalSection(ExtensibilityGlobals) = postSolution
		SolutionGuid = {176F598B-BA0E-4F2F-B511-62E29A4D53D9}
	EndGlobalSection
EndGlobal
